# This file is automatically @generated by Cargo.
# It is not intended for manual editing.
[[package]]
name = "common"
version = "0.1.0"
dependencies = [
 "micromath",
]

[[package]]
name = "micromath"
version = "1.1.0"
source = "registry+https://github.com/rust-lang/crates.io-index"
checksum = "be00a244d4394124986da477e8b2814dcb7995ab238817d9037bc336c4b0b843"
